// !$*UTF8*$!
{
	archiveVersion = 1;
	classes = {
	};
	objectVersion = 77;
	objects = {

/* Begin PBXContainerItemProxy section */
		F130D4C22E21127E009ADB57 /* PBXContainerItemProxy */ = {
			isa = PBXContainerItemProxy;
			containerPortal = F130D4AB2E21127C009ADB57 /* Project object */;
			proxyType = 1;
			remoteGlobalIDString = F130D4B22E21127C009ADB57;
			remoteInfo = HeadGestureDetectionWithAirPods;
		};
		F130D4CC2E21127E009ADB57 /* PBXContainerItemProxy */ = {
			isa = PBXContainerItemProxy;
			containerPortal = F130D4AB2E21127C009ADB57 /* Project object */;
			proxyType = 1;
			remoteGlobalIDString = F130D4B22E21127C009ADB57;
			remoteInfo = HeadGestureDetectionWithAirPods;
		};
/* End PBXContainerItemProxy section */

/* Begin PBXFileReference section */
		F130D4B32E21127C009ADB57 /* HeadGestureDetectionWithAirPods.app */ = {isa = PBXFileReference; explicitFileType = wrapper.application; includeInIndex = 0; path = HeadGestureDetectionWithAirPods.app; sourceTree = BUILT_PRODUCTS_DIR; };
		F130D4C12E21127E009ADB57 /* HeadGestureDetectionWithAirPodsTests.xctest */ = {isa = PBXFileReference; explicitFileType = wrapper.cfbundle; includeInIndex = 0; path = HeadGestureDetectionWithAirPodsTests.xctest; sourceTree = BUILT_PRODUCTS_DIR; };
		F130D4CB2E21127E009ADB57 /* HeadGestureDetectionWithAirPodsUITests.xctest */ = {isa = PBXFileReference; explicitFileType = wrapper.cfbundle; includeInIndex = 0; path = HeadGestureDetectionWithAirPodsUITests.xctest; sourceTree = BUILT_PRODUCTS_DIR; };
/* End PBXFileReference section */

/* Begin PBXFileSystemSynchronizedRootGroup section */
		F130D4B52E21127C009ADB57 /* HeadGestureDetectionWithAirPods */ = {
			isa = PBXFileSystemSynchronizedRootGroup;
			path = HeadGestureDetectionWithAirPods;
			sourceTree = "<group>";
		};
		F130D4C42E21127E009ADB57 /* HeadGestureDetectionWithAirPodsTests */ = {
			isa = PBXFileSystemSynchronizedRootGroup;
			path = HeadGestureDetectionWithAirPodsTests;
			sourceTree = "<group>";
		};
		F130D4CE2E21127E009ADB57 /* HeadGestureDetectionWithAirPodsUITests */ = {
			isa = PBXFileSystemSynchronizedRootGroup;
			path = HeadGestureDetectionWithAirPodsUITests;
			sourceTree = "<group>";
		};
/* End PBXFileSystemSynchronizedRootGroup section */

/* Begin PBXFrameworksBuildPhase section */
		F130D4B02E21127C009ADB57 /* Frameworks */ = {
			isa = PBXFrameworksBuildPhase;
			buildActionMask = 2147483647;
			files = (
			);
			runOnlyForDeploymentPostprocessing = 0;
		};
		F130D4BE2E21127E009ADB57 /* Frameworks */ = {
			isa = PBXFrameworksBuildPhase;
			buildActionMask = 2147483647;
			files = (
			);
			runOnlyForDeploymentPostprocessing = 0;
		};
		F130D4C82E21127E009ADB57 /* Frameworks */ = {
			isa = PBXFrameworksBuildPhase;
			buildActionMask = 2147483647;
			files = (
			);
			runOnlyForDeploymentPostprocessing = 0;
		};
/* End PBXFrameworksBuildPhase section */

/* Begin PBXGroup section */
		F130D4AA2E21127C009ADB57 = {
			isa = PBXGroup;
			children = (
				F130D4B52E21127C009ADB57 /* HeadGestureDetectionWithAirPods */,
				F130D4C42E21127E009ADB57 /* HeadGestureDetectionWithAirPodsTests */,
				F130D4CE2E21127E009ADB57 /* HeadGestureDetectionWithAirPodsUITests */,
				F130D4B42E21127C009ADB57 /* Products */,
			);
			sourceTree = "<group>";
		};
		F130D4B42E21127C009ADB57 /* Products */ = {
			isa = PBXGroup;
			children = (
				F130D4B32E21127C009ADB57 /* HeadGestureDetectionWithAirPods.app */,
				F130D4C12E21127E009ADB57 /* HeadGestureDetectionWithAirPodsTests.xctest */,
				F130D4CB2E21127E009ADB57 /* HeadGestureDetectionWithAirPodsUITests.xctest */,
			);
			name = Products;
			sourceTree = "<group>";
		};
/* End PBXGroup section */

/* Begin PBXNativeTarget section */
		F130D4B22E21127C009ADB57 /* HeadGestureDetectionWithAirPods */ = {
			isa = PBXNativeTarget;
			buildConfigurationList = F130D4D52E21127E009ADB57 /* Build configuration list for PBXNativeTarget "HeadGestureDetectionWithAirPods" */;
			buildPhases = (
				F130D4AF2E21127C009ADB57 /* Sources */,
				F130D4B02E21127C009ADB57 /* Frameworks */,
				F130D4B12E21127C009ADB57 /* Resources */,
			);
			buildRules = (
			);
			dependencies = (
			);
			fileSystemSynchronizedGroups = (
				F130D4B52E21127C009ADB57 /* HeadGestureDetectionWithAirPods */,
			);
			name = HeadGestureDetectionWithAirPods;
			packageProductDependencies = (
			);
			productName = HeadGestureDetectionWithAirPods;
			productReference = F130D4B32E21127C009ADB57 /* HeadGestureDetectionWithAirPods.app */;
			productType = "com.apple.product-type.application";
		};
		F130D4C02E21127E009ADB57 /* HeadGestureDetectionWithAirPodsTests */ = {
			isa = PBXNativeTarget;
			buildConfigurationList = F130D4D82E21127E009ADB57 /* Build configuration list for PBXNativeTarget "HeadGestureDetectionWithAirPodsTests" */;
			buildPhases = (
				F130D4BD2E21127E009ADB57 /* Sources */,
				F130D4BE2E21127E009ADB57 /* Frameworks */,
				F130D4BF2E21127E009ADB57 /* Resources */,
			);
			buildRules = (
			);
			dependencies = (
				F130D4C32E21127E009ADB57 /* PBXTargetDependency */,
			);
			fileSystemSynchronizedGroups = (
				F130D4C42E21127E009ADB57 /* HeadGestureDetectionWithAirPodsTests */,
			);
			name = HeadGestureDetectionWithAirPodsTests;
			packageProductDependencies = (
			);
			productName = HeadGestureDetectionWithAirPodsTests;
			productReference = F130D4C12E21127E009ADB57 /* HeadGestureDetectionWithAirPodsTests.xctest */;
			productType = "com.apple.product-type.bundle.unit-test";
		};
		F130D4CA2E21127E009ADB57 /* HeadGestureDetectionWithAirPodsUITests */ = {
			isa = PBXNativeTarget;
			buildConfigurationList = F130D4DB2E21127E009ADB57 /* Build configuration list for PBXNativeTarget "HeadGestureDetectionWithAirPodsUITests" */;
			buildPhases = (
				F130D4C72E21127E009ADB57 /* Sources */,
				F130D4C82E21127E009ADB57 /* Frameworks */,
				F130D4C92E21127E009ADB57 /* Resources */,
			);
			buildRules = (
			);
			dependencies = (
				F130D4CD2E21127E009ADB57 /* PBXTargetDependency */,
			);
			fileSystemSynchronizedGroups = (
				F130D4CE2E21127E009ADB57 /* HeadGestureDetectionWithAirPodsUITests */,
			);
			name = HeadGestureDetectionWithAirPodsUITests;
			packageProductDependencies = (
			);
			productName = HeadGestureDetectionWithAirPodsUITests;
			productReference = F130D4CB2E21127E009ADB57 /* HeadGestureDetectionWithAirPodsUITests.xctest */;
			productType = "com.apple.product-type.bundle.ui-testing";
		};
/* End PBXNativeTarget section */

/* Begin PBXProject section */
		F130D4AB2E21127C009ADB57 /* Project object */ = {
			isa = PBXProject;
			attributes = {
				BuildIndependentTargetsInParallel = 1;
				LastSwiftUpdateCheck = 1640;
				LastUpgradeCheck = 1640;
				TargetAttributes = {
					F130D4B22E21127C009ADB57 = {
						CreatedOnToolsVersion = 16.4;
					};
					F130D4C02E21127E009ADB57 = {
						CreatedOnToolsVersion = 16.4;
						TestTargetID = F130D4B22E21127C009ADB57;
					};
					F130D4CA2E21127E009ADB57 = {
						CreatedOnToolsVersion = 16.4;
						TestTargetID = F130D4B22E21127C009ADB57;
					};
				};
			};
			buildConfigurationList = F130D4AE2E21127C009ADB57 /* Build configuration list for PBXProject "HeadGestureDetectionWithAirPods" */;
			developmentRegion = en;
			hasScannedForEncodings = 0;
			knownRegions = (
				en,
				Base,
			);
			mainGroup = F130D4AA2E21127C009ADB57;
			minimizedProjectReferenceProxies = 1;
			preferredProjectObjectVersion = 77;
			productRefGroup = F130D4B42E21127C009ADB57 /* Products */;
			projectDirPath = "";
			projectRoot = "";
			targets = (
				F130D4B22E21127C009ADB57 /* HeadGestureDetectionWithAirPods */,
				F130D4C02E21127E009ADB57 /* HeadGestureDetectionWithAirPodsTests */,
				F130D4CA2E21127E009ADB57 /* HeadGestureDetectionWithAirPodsUITests */,
			);
		};
/* End PBXProject section */

/* Begin PBXResourcesBuildPhase section */
		F130D4B12E21127C009ADB57 /* Resources */ = {
			isa = PBXResourcesBuildPhase;
			buildActionMask = 2147483647;
			files = (
			);
			runOnlyForDeploymentPostprocessing = 0;
		};
		F130D4BF2E21127E009ADB57 /* Resources */ = {
			isa = PBXResourcesBuildPhase;
			buildActionMask = 2147483647;
			files = (
			);
			runOnlyForDeploymentPostprocessing = 0;
		};
		F130D4C92E21127E009ADB57 /* Resources */ = {
			isa = PBXResourcesBuildPhase;
			buildActionMask = 2147483647;
			files = (
			);
			runOnlyForDeploymentPostprocessing = 0;
		};
/* End PBXResourcesBuildPhase section */

/* Begin PBXSourcesBuildPhase section */
		F130D4AF2E21127C009ADB57 /* Sources */ = {
			isa = PBXSourcesBuildPhase;
			buildActionMask = 2147483647;
			files = (
			);
			runOnlyForDeploymentPostprocessing = 0;
		};
		F130D4BD2E21127E009ADB57 /* Sources */ = {
			isa = PBXSourcesBuildPhase;
			buildActionMask = 2147483647;
			files = (
			);
			runOnlyForDeploymentPostprocessing = 0;
		};
		F130D4C72E21127E009ADB57 /* Sources */ = {
			isa = PBXSourcesBuildPhase;
			buildActionMask = 2147483647;
			files = (
			);
			runOnlyForDeploymentPostprocessing = 0;
		};
/* End PBXSourcesBuildPhase section */

/* Begin PBXTargetDependency section */
		F130D4C32E21127E009ADB57 /* PBXTargetDependency */ = {
			isa = PBXTargetDependency;
			target = F130D4B22E21127C009ADB57 /* HeadGestureDetectionWithAirPods */;
			targetProxy = F130D4C22E21127E009ADB57 /* PBXContainerItemProxy */;
		};
		F130D4CD2E21127E009ADB57 /* PBXTargetDependency */ = {
			isa = PBXTargetDependency;
			target = F130D4B22E21127C009ADB57 /* HeadGestureDetectionWithAirPods */;
			targetProxy = F130D4CC2E21127E009ADB57 /* PBXContainerItemProxy */;
		};
/* End PBXTargetDependency section */

/* Begin XCBuildConfiguration section */
		F130D4D32E21127E009ADB57 /* Debug */ = {
			isa = XCBuildConfiguration;
			buildSettings = {
				ALWAYS_SEARCH_USER_PATHS = NO;
				ASSETCATALOG_COMPILER_GENERATE_SWIFT_ASSET_SYMBOL_EXTENSIONS = YES;
				CLANG_ANALYZER_NONNULL = YES;
				CLANG_ANALYZER_NUMBER_OBJECT_CONVERSION = YES_AGGRESSIVE;
				CLANG_CXX_LANGUAGE_STANDARD = "gnu++20";
				CLANG_ENABLE_MODULES = YES;
				CLANG_ENABLE_OBJC_ARC = YES;
				CLANG_ENABLE_OBJC_WEAK = YES;
				CLANG_WARN_BLOCK_CAPTURE_AUTORELEASING = YES;
				CLANG_WARN_BOOL_CONVERSION = YES;
				CLANG_WARN_COMMA = YES;
				CLANG_WARN_CONSTANT_CONVERSION = YES;
				CLANG_WARN_DEPRECATED_OBJC_IMPLEMENTATIONS = YES;
				CLANG_WARN_DIRECT_OBJC_ISA_USAGE = YES_ERROR;
				CLANG_WARN_DOCUMENTATION_COMMENTS = YES;
				CLANG_WARN_EMPTY_BODY = YES;
				CLANG_WARN_ENUM_CONVERSION = YES;
				CLANG_WARN_INFINITE_RECURSION = YES;
				CLANG_WARN_INT_CONVERSION = YES;
				CLANG_WARN_NON_LITERAL_NULL_CONVERSION = YES;
				CLANG_WARN_OBJC_IMPLICIT_RETAIN_SELF = YES;
				CLANG_WARN_OBJC_LITERAL_CONVERSION = YES;
				CLANG_WARN_OBJC_ROOT_CLASS = YES_ERROR;
				CLANG_WARN_QUOTED_INCLUDE_IN_FRAMEWORK_HEADER = YES;
				CLANG_WARN_RANGE_LOOP_ANALYSIS = YES;
				CLANG_WARN_STRICT_PROTOTYPES = YES;
				CLANG_WARN_SUSPICIOUS_MOVE = YES;
				CLANG_WARN_UNGUARDED_AVAILABILITY = YES_AGGRESSIVE;
				CLANG_WARN_UNREACHABLE_CODE = YES;
				CLANG_WARN__DUPLICATE_METHOD_MATCH = YES;
				COPY_PHASE_STRIP = NO;
				DEBUG_INFORMATION_FORMAT = dwarf;
				DEVELOPMENT_TEAM = 4YP7SQBLYV;
				ENABLE_STRICT_OBJC_MSGSEND = YES;
				ENABLE_TESTABILITY = YES;
				ENABLE_USER_SCRIPT_SANDBOXING = YES;
				GCC_C_LANGUAGE_STANDARD = gnu17;
				GCC_DYNAMIC_NO_PIC = NO;
				GCC_NO_COMMON_BLOCKS = YES;
				GCC_OPTIMIZATION_LEVEL = 0;
				GCC_PREPROCESSOR_DEFINITIONS = (
					"DEBUG=1",
					"$(inherited)",
				);
				GCC_WARN_64_TO_32_BIT_CONVERSION = YES;
				GCC_WARN_ABOUT_RETURN_TYPE = YES_ERROR;
				GCC_WARN_UNDECLARED_SELECTOR = YES;
				GCC_WARN_UNINITIALIZED_AUTOS = YES_AGGRESSIVE;
				GCC_WARN_UNUSED_FUNCTION = YES;
				GCC_WARN_UNUSED_VARIABLE = YES;
				LOCALIZATION_PREFERS_STRING_CATALOGS = YES;
				MTL_ENABLE_DEBUG_INFO = INCLUDE_SOURCE;
				MTL_FAST_MATH = YES;
				ONLY_ACTIVE_ARCH = YES;
				SWIFT_ACTIVE_COMPILATION_CONDITIONS = "DEBUG $(inherited)";
				SWIFT_OPTIMIZATION_LEVEL = "-Onone";
			};
			name = Debug;
		};
		F130D4D42E21127E009ADB57 /* Release */ = {
			isa = XCBuildConfiguration;
			buildSettings = {
				ALWAYS_SEARCH_USER_PATHS = NO;
				ASSETCATALOG_COMPILER_GENERATE_SWIFT_ASSET_SYMBOL_EXTENSIONS = YES;
				CLANG_ANALYZER_NONNULL = YES;
				CLANG_ANALYZER_NUMBER_OBJECT_CONVERSION = YES_AGGRESSIVE;
				CLANG_CXX_LANGUAGE_STANDARD = "gnu++20";
				CLANG_ENABLE_MODULES = YES;
				CLANG_ENABLE_OBJC_ARC = YES;
				CLANG_ENABLE_OBJC_WEAK = YES;
				CLANG_WARN_BLOCK_CAPTURE_AUTORELEASING = YES;
				CLANG_WARN_BOOL_CONVERSION = YES;
				CLANG_WARN_COMMA = YES;
				CLANG_WARN_CONSTANT_CONVERSION = YES;
				CLANG_WARN_DEPRECATED_OBJC_IMPLEMENTATIONS = YES;
				CLANG_WARN_DIRECT_OBJC_ISA_USAGE = YES_ERROR;
				CLANG_WARN_DOCUMENTATION_COMMENTS = YES;
				CLANG_WARN_EMPTY_BODY = YES;
				CLANG_WARN_ENUM_CONVERSION = YES;
				CLANG_WARN_INFINITE_RECURSION = YES;
				CLANG_WARN_INT_CONVERSION = YES;
				CLANG_WARN_NON_LITERAL_NULL_CONVERSION = YES;
				CLANG_WARN_OBJC_IMPLICIT_RETAIN_SELF = YES;
				CLANG_WARN_OBJC_LITERAL_CONVERSION = YES;
				CLANG_WARN_OBJC_ROOT_CLASS = YES_ERROR;
				CLANG_WARN_QUOTED_INCLUDE_IN_FRAMEWORK_HEADER = YES;
				CLANG_WARN_RANGE_LOOP_ANALYSIS = YES;
				CLANG_WARN_STRICT_PROTOTYPES = YES;
				CLANG_WARN_SUSPICIOUS_MOVE = YES;
				CLANG_WARN_UNGUARDED_AVAILABILITY = YES_AGGRESSIVE;
				CLANG_WARN_UNREACHABLE_CODE = YES;
				CLANG_WARN__DUPLICATE_METHOD_MATCH = YES;
				COPY_PHASE_STRIP = NO;
				DEBUG_INFORMATION_FORMAT = "dwarf-with-dsym";
				DEVELOPMENT_TEAM = 4YP7SQBLYV;
				ENABLE_NS_ASSERTIONS = NO;
				ENABLE_STRICT_OBJC_MSGSEND = YES;
				ENABLE_USER_SCRIPT_SANDBOXING = YES;
				GCC_C_LANGUAGE_STANDARD = gnu17;
				GCC_NO_COMMON_BLOCKS = YES;
				GCC_WARN_64_TO_32_BIT_CONVERSION = YES;
				GCC_WARN_ABOUT_RETURN_TYPE = YES_ERROR;
				GCC_WARN_UNDECLARED_SELECTOR = YES;
				GCC_WARN_UNINITIALIZED_AUTOS = YES_AGGRESSIVE;
				GCC_WARN_UNUSED_FUNCTION = YES;
				GCC_WARN_UNUSED_VARIABLE = YES;
				LOCALIZATION_PREFERS_STRING_CATALOGS = YES;
				MTL_ENABLE_DEBUG_INFO = NO;
				MTL_FAST_MATH = YES;
				SWIFT_COMPILATION_MODE = wholemodule;
			};
			name = Release;
		};
		F130D4D62E21127E009ADB57 /* Debug */ = {
			isa = XCBuildConfiguration;
			buildSettings = {
				ASSETCATALOG_COMPILER_APPICON_NAME = AppIcon;
				ASSETCATALOG_COMPILER_GLOBAL_ACCENT_COLOR_NAME = AccentColor;
				CODE_SIGN_ENTITLEMENTS = HeadGestureDetectionWithAirPods/HeadGestureDetectionWithAirPods.entitlements;
				CODE_SIGN_STYLE = Automatic;
				CURRENT_PROJECT_VERSION = 1;
				DEVELOPMENT_TEAM = 4YP7SQBLYV;
				ENABLE_HARDENED_RUNTIME = YES;
				ENABLE_PREVIEWS = YES;
				GENERATE_INFOPLIST_FILE = YES;
				"INFOPLIST_KEY_UIApplicationSceneManifest_Generation[sdk=iphoneos*]" = YES;
				"INFOPLIST_KEY_UIApplicationSceneManifest_Generation[sdk=iphonesimulator*]" = YES;
				"INFOPLIST_KEY_UIApplicationSupportsIndirectInputEvents[sdk=iphoneos*]" = YES;
				"INFOPLIST_KEY_UIApplicationSupportsIndirectInputEvents[sdk=iphonesimulator*]" = YES;
				"INFOPLIST_KEY_UILaunchScreen_Generation[sdk=iphoneos*]" = YES;
				"INFOPLIST_KEY_UILaunchScreen_Generation[sdk=iphonesimulator*]" = YES;
				"INFOPLIST_KEY_UIStatusBarStyle[sdk=iphoneos*]" = UIStatusBarStyleDefault;
				"INFOPLIST_KEY_UIStatusBarStyle[sdk=iphonesimulator*]" = UIStatusBarStyleDefault;
				INFOPLIST_KEY_UISupportedInterfaceOrientations_iPad = "UIInterfaceOrientationPortrait UIInterfaceOrientationPortraitUpsideDown UIInterfaceOrientationLandscapeLeft UIInterfaceOrientationLandscapeRight";
				INFOPLIST_KEY_UISupportedInterfaceOrientations_iPhone = "UIInterfaceOrientationPortrait UIInterfaceOrientationLandscapeLeft UIInterfaceOrientationLandscapeRight";
				IPHONEOS_DEPLOYMENT_TARGET = 18.5;
				LD_RUNPATH_SEARCH_PATHS = "@executable_path/Frameworks";
				"LD_RUNPATH_SEARCH_PATHS[sdk=macosx*]" = "@executable_path/../Frameworks";
				MACOSX_DEPLOYMENT_TARGET = 15.5;
				MARKETING_VERSION = 1.0;
				PRODUCT_BUNDLE_IDENTIFIER = com.kantacky.HeadGestureDetectionWithAirPods;
				PRODUCT_NAME = "$(TARGET_NAME)";
				REGISTER_APP_GROUPS = YES;
				SDKROOT = auto;
				SUPPORTED_PLATFORMS = "iphoneos iphonesimulator macosx xros xrsimulator";
				SWIFT_EMIT_LOC_STRINGS = YES;
				SWIFT_VERSION = 5.0;
				TARGETED_DEVICE_FAMILY = "1,2,7";
				XROS_DEPLOYMENT_TARGET = 2.5;
			};
			name = Debug;
		};
		F130D4D72E21127E009ADB57 /* Release */ = {
			isa = XCBuildConfiguration;
			buildSettings = {
				ASSETCATALOG_COMPILER_APPICON_NAME = AppIcon;
				ASSETCATALOG_COMPILER_GLOBAL_ACCENT_COLOR_NAME = AccentColor;
				CODE_SIGN_ENTITLEMENTS = HeadGestureDetectionWithAirPods/HeadGestureDetectionWithAirPods.entitlements;
				CODE_SIGN_STYLE = Automatic;
				CURRENT_PROJECT_VERSION = 1;
				DEVELOPMENT_TEAM = 4YP7SQBLYV;
				ENABLE_HARDENED_RUNTIME = YES;
				ENABLE_PREVIEWS = YES;
				GENERATE_INFOPLIST_FILE = YES;
				"INFOPLIST_KEY_UIApplicationSceneManifest_Generation[sdk=iphoneos*]" = YES;
				"INFOPLIST_KEY_UIApplicationSceneManifest_Generation[sdk=iphonesimulator*]" = YES;
				"INFOPLIST_KEY_UIApplicationSupportsIndirectInputEvents[sdk=iphoneos*]" = YES;
				"INFOPLIST_KEY_UIApplicationSupportsIndirectInputEvents[sdk=iphonesimulator*]" = YES;
				"INFOPLIST_KEY_UILaunchScreen_Generation[sdk=iphoneos*]" = YES;
				"INFOPLIST_KEY_UILaunchScreen_Generation[sdk=iphonesimulator*]" = YES;
				"INFOPLIST_KEY_UIStatusBarStyle[sdk=iphoneos*]" = UIStatusBarStyleDefault;
				"INFOPLIST_KEY_UIStatusBarStyle[sdk=iphonesimulator*]" = UIStatusBarStyleDefault;
				INFOPLIST_KEY_UISupportedInterfaceOrientations_iPad = "UIInterfaceOrientationPortrait UIInterfaceOrientationPortraitUpsideDown UIInterfaceOrientationLandscapeLeft UIInterfaceOrientationLandscapeRight";
				INFOPLIST_KEY_UISupportedInterfaceOrientations_iPhone = "UIInterfaceOrientationPortrait UIInterfaceOrientationLandscapeLeft UIInterfaceOrientationLandscapeRight";
				IPHONEOS_DEPLOYMENT_TARGET = 18.5;
				LD_RUNPATH_SEARCH_PATHS = "@executable_path/Frameworks";
				"LD_RUNPATH_SEARCH_PATHS[sdk=macosx*]" = "@executable_path/../Frameworks";
				MACOSX_DEPLOYMENT_TARGET = 15.5;
				MARKETING_VERSION = 1.0;
				PRODUCT_BUNDLE_IDENTIFIER = com.kantacky.HeadGestureDetectionWithAirPods;
				PRODUCT_NAME = "$(TARGET_NAME)";
				REGISTER_APP_GROUPS = YES;
				SDKROOT = auto;
				SUPPORTED_PLATFORMS = "iphoneos iphonesimulator macosx xros xrsimulator";
				SWIFT_EMIT_LOC_STRINGS = YES;
				SWIFT_VERSION = 5.0;
				TARGETED_DEVICE_FAMILY = "1,2,7";
				XROS_DEPLOYMENT_TARGET = 2.5;
			};
			name = Release;
		};
		F130D4D92E21127E009ADB57 /* Debug */ = {
			isa = XCBuildConfiguration;
			buildSettings = {
				BUNDLE_LOADER = "$(TEST_HOST)";
				CODE_SIGN_STYLE = Automatic;
				CURRENT_PROJECT_VERSION = 1;
				DEVELOPMENT_TEAM = 4YP7SQBLYV;
				GENERATE_INFOPLIST_FILE = YES;
				IPHONEOS_DEPLOYMENT_TARGET = 18.5;
				MACOSX_DEPLOYMENT_TARGET = 15.5;
				MARKETING_VERSION = 1.0;
				PRODUCT_BUNDLE_IDENTIFIER = com.kantacky.HeadGestureDetectionWithAirPodsTests;
				PRODUCT_NAME = "$(TARGET_NAME)";
				SDKROOT = auto;
				SUPPORTED_PLATFORMS = "iphoneos iphonesimulator macosx xros xrsimulator";
				SWIFT_EMIT_LOC_STRINGS = NO;
				SWIFT_VERSION = 5.0;
				TARGETED_DEVICE_FAMILY = "1,2,7";
				TEST_HOST = "$(BUILT_PRODUCTS_DIR)/HeadGestureDetectionWithAirPods.app/$(BUNDLE_EXECUTABLE_FOLDER_PATH)/HeadGestureDetectionWithAirPods";
				XROS_DEPLOYMENT_TARGET = 2.5;
			};
			name = Debug;
		};
		F130D4DA2E21127E009ADB57 /* Release */ = {
			isa = XCBuildConfiguration;
			buildSettings = {
				BUNDLE_LOADER = "$(TEST_HOST)";
				CODE_SIGN_STYLE = Automatic;
				CURRENT_PROJECT_VERSION = 1;
				DEVELOPMENT_TEAM = 4YP7SQBLYV;
				GENERATE_INFOPLIST_FILE = YES;
				IPHONEOS_DEPLOYMENT_TARGET = 18.5;
				MACOSX_DEPLOYMENT_TARGET = 15.5;
				MARKETING_VERSION = 1.0;
				PRODUCT_BUNDLE_IDENTIFIER = com.kantacky.HeadGestureDetectionWithAirPodsTests;
				PRODUCT_NAME = "$(TARGET_NAME)";
				SDKROOT = auto;
				SUPPORTED_PLATFORMS = "iphoneos iphonesimulator macosx xros xrsimulator";
				SWIFT_EMIT_LOC_STRINGS = NO;
				SWIFT_VERSION = 5.0;
				TARGETED_DEVICE_FAMILY = "1,2,7";
				TEST_HOST = "$(BUILT_PRODUCTS_DIR)/HeadGestureDetectionWithAirPods.app/$(BUNDLE_EXECUTABLE_FOLDER_PATH)/HeadGestureDetectionWithAirPods";
				XROS_DEPLOYMENT_TARGET = 2.5;
			};
			name = Release;
		};
		F130D4DC2E21127E009ADB57 /* Debug */ = {
			isa = XCBuildConfiguration;
			buildSettings = {
				CODE_SIGN_STYLE = Automatic;
				CURRENT_PROJECT_VERSION = 1;
				DEVELOPMENT_TEAM = 4YP7SQBLYV;
				GENERATE_INFOPLIST_FILE = YES;
				IPHONEOS_DEPLOYMENT_TARGET = 18.5;
				MACOSX_DEPLOYMENT_TARGET = 15.5;
				MARKETING_VERSION = 1.0;
				PRODUCT_BUNDLE_IDENTIFIER = com.kantacky.HeadGestureDetectionWithAirPodsUITests;
				PRODUCT_NAME = "$(TARGET_NAME)";
				SDKROOT = auto;
				SUPPORTED_PLATFORMS = "iphoneos iphonesimulator macosx xros xrsimulator";
				SWIFT_EMIT_LOC_STRINGS = NO;
				SWIFT_VERSION = 5.0;
				TARGETED_DEVICE_FAMILY = "1,2,7";
				TEST_TARGET_NAME = HeadGestureDetectionWithAirPods;
				XROS_DEPLOYMENT_TARGET = 2.5;
			};
			name = Debug;
		};
		F130D4DD2E21127E009ADB57 /* Release */ = {
			isa = XCBuildConfiguration;
			buildSettings = {
				CODE_SIGN_STYLE = Automatic;
				CURRENT_PROJECT_VERSION = 1;
				DEVELOPMENT_TEAM = 4YP7SQBLYV;
				GENERATE_INFOPLIST_FILE = YES;
				IPHONEOS_DEPLOYMENT_TARGET = 18.5;
				MACOSX_DEPLOYMENT_TARGET = 15.5;
				MARKETING_VERSION = 1.0;
				PRODUCT_BUNDLE_IDENTIFIER = com.kantacky.HeadGestureDetectionWithAirPodsUITests;
				PRODUCT_NAME = "$(TARGET_NAME)";
				SDKROOT = auto;
				SUPPORTED_PLATFORMS = "iphoneos iphonesimulator macosx xros xrsimulator";
				SWIFT_EMIT_LOC_STRINGS = NO;
				SWIFT_VERSION = 5.0;
				TARGETED_DEVICE_FAMILY = "1,2,7";
				TEST_TARGET_NAME = HeadGestureDetectionWithAirPods;
				XROS_DEPLOYMENT_TARGET = 2.5;
			};
			name = Release;
		};
/* End XCBuildConfiguration section */

/* Begin XCConfigurationList section */
		F130D4AE2E21127C009ADB57 /* Build configuration list for PBXProject "HeadGestureDetectionWithAirPods" */ = {
			isa = XCConfigurationList;
			buildConfigurations = (
				F130D4D32E21127E009ADB57 /* Debug */,
				F130D4D42E21127E009ADB57 /* Release */,
			);
			defaultConfigurationIsVisible = 0;
			defaultConfigurationName = Release;
		};
		F130D4D52E21127E009ADB57 /* Build configuration list for PBXNativeTarget "HeadGestureDetectionWithAirPods" */ = {
			isa = XCConfigurationList;
			buildConfigurations = (
				F130D4D62E21127E009ADB57 /* Debug */,
				F130D4D72E21127E009ADB57 /* Release */,
			);
			defaultConfigurationIsVisible = 0;
			defaultConfigurationName = Release;
		};
		F130D4D82E21127E009ADB57 /* Build configuration list for PBXNativeTarget "HeadGestureDetectionWithAirPodsTests" */ = {
			isa = XCConfigurationList;
			buildConfigurations = (
				F130D4D92E21127E009ADB57 /* Debug */,
				F130D4DA2E21127E009ADB57 /* Release */,
			);
			defaultConfigurationIsVisible = 0;
			defaultConfigurationName = Release;
		};
		F130D4DB2E21127E009ADB57 /* Build configuration list for PBXNativeTarget "HeadGestureDetectionWithAirPodsUITests" */ = {
			isa = XCConfigurationList;
			buildConfigurations = (
				F130D4DC2E21127E009ADB57 /* Debug */,
				F130D4DD2E21127E009ADB57 /* Release */,
			);
			defaultConfigurationIsVisible = 0;
			defaultConfigurationName = Release;
		};
/* End XCConfigurationList section */
	};
	rootObject = F130D4AB2E21127C009ADB57 /* Project object */;
}
